
Microsoft Visual Studio Solution File, Format Version 12.00
# Visual Studio Version 16
VisualStudioVersion = 16.0.31624.102
MinimumVisualStudioVersion = 10.0.40219.1
Project("{FAE04EC0-301F-11D3-BF4B-00C04F79EFBC}") = "Assignment1", "Assignment1\Assignment1.csproj", "{0F8745EA-47A6-4DCC-B25D-BC8C090C736E}"
EndProject
Global
	GlobalSection(SolutionConfigurationPlatforms) = preSolution
		Debug|Any CPU = Debug|Any CPU
		Release|Any CPU = Release|Any CPU
	EndGlobalSection
	GlobalSection(ProjectConfigurationPlatforms) = postSolution
		{0F8745EA-47A6-4DCC-B25D-BC8C090C736E}.Debug|Any CPU.ActiveCfg = Debug|Any CPU
		{0F8745EA-47A6-4DCC-B25D-BC8C090C736E}.Debug|Any CPU.Build.0 = Debug|Any CPU
		{0F8745EA-47A6-4DCC-B25D-BC8C090C736E}.Release|Any CPU.ActiveCfg = Release|Any CPU
		{0F8745EA-47A6-4DCC-B25D-BC8C090C736E}.Release|Any CPU.Build.0 = Release|Any CPU
	EndGlobalSection
	GlobalSection(SolutionProperties) = preSolution
		HideSolutionNode = FALSE
	EndGlobalSection
	GlobalSection(ExtensibilityGlobals) = postSolution
		SolutionGuid = {C71D65DF-54F7-4C7A-B8F5-131D77E6D56F}
	EndGlobalSection
EndGlobal
