
Microsoft Visual Studio Solution File, Format Version 12.00
# Visual Studio Version 16
VisualStudioVersion = 16.0.31624.102
MinimumVisualStudioVersion = 10.0.40219.1
Project("{FAE04EC0-301F-11D3-BF4B-00C04F79EFBC}") = "ClassLibrary1", "ClassLibrary1\ClassLibrary1.csproj", "{8F45A245-9DE2-4267-AA1E-AEFF3E03C8A1}"
EndProject
Global
	GlobalSection(SolutionConfigurationPlatforms) = preSolution
		Debug|Any CPU = Debug|Any CPU
		Release|Any CPU = Release|Any CPU
	EndGlobalSection
	GlobalSection(ProjectConfigurationPlatforms) = postSolution
		{8F45A245-9DE2-4267-AA1E-AEFF3E03C8A1}.Debug|Any CPU.ActiveCfg = Debug|Any CPU
		{8F45A245-9DE2-4267-AA1E-AEFF3E03C8A1}.Debug|Any CPU.Build.0 = Debug|Any CPU
		{8F45A245-9DE2-4267-AA1E-AEFF3E03C8A1}.Release|Any CPU.ActiveCfg = Release|Any CPU
		{8F45A245-9DE2-4267-AA1E-AEFF3E03C8A1}.Release|Any CPU.Build.0 = Release|Any CPU
	EndGlobalSection
	GlobalSection(SolutionProperties) = preSolution
		HideSolutionNode = FALSE
	EndGlobalSection
	GlobalSection(ExtensibilityGlobals) = postSolution
		SolutionGuid = {36C5991A-8EDA-4EE4-B88F-32D0D2A83CB7}
	EndGlobalSection
EndGlobal
